// !$*UTF8*$!
{
	archiveVersion = 1;
	classes = {
	};
	objectVersion = 50;
	objects = {

/* Begin PBXBuildFile section */
		F68F009025245B5900044A0B /* AppDelegate.m in Sources */ = {isa = PBXBuildFile; fileRef = F68F008F25245B5900044A0B /* AppDelegate.m */; };
		F68F009325245B5900044A0B /* SceneDelegate.m in Sources */ = {isa = PBXBuildFile; fileRef = F68F009225245B5900044A0B /* SceneDelegate.m */; };
		F68F009625245B5900044A0B /* ViewController.m in Sources */ = {isa = PBXBuildFile; fileRef = F68F009525245B5900044A0B /* ViewController.m */; };
		F68F009925245B5900044A0B /* Main.storyboard in Resources */ = {isa = PBXBuildFile; fileRef = F68F009725245B5900044A0B /* Main.storyboard */; };
		F68F009B25245B5C00044A0B /* Assets.xcassets in Resources */ = {isa = PBXBuildFile; fileRef = F68F009A25245B5C00044A0B /* Assets.xcassets */; };
		F68F009E25245B5C00044A0B /* LaunchScreen.storyboard in Resources */ = {isa = PBXBuildFile; fileRef = F68F009C25245B5C00044A0B /* LaunchScreen.storyboard */; };
		F68F00A125245B5C00044A0B /* main.m in Sources */ = {isa = PBXBuildFile; fileRef = F68F00A025245B5C00044A0B /* main.m */; };
/* End PBXBuildFile section */

/* Begin PBXFileReference section */
		F68F008B25245B5900044A0B /* SmartpilotKit.app */ = {isa = PBXFileReference; explicitFileType = wrapper.application; includeInIndex = 0; path = SmartpilotKit.app; sourceTree = BUILT_PRODUCTS_DIR; };
		F68F008E25245B5900044A0B /* AppDelegate.h */ = {isa = PBXFileReference; lastKnownFileType = sourcecode.c.h; path = AppDelegate.h; sourceTree = "<group>"; };
		F68F008F25245B5900044A0B /* AppDelegate.m */ = {isa = PBXFileReference; lastKnownFileType = sourcecode.c.objc; path = AppDelegate.m; sourceTree = "<group>"; };
		F68F009125245B5900044A0B /* SceneDelegate.h */ = {isa = PBXFileReference; lastKnownFileType = sourcecode.c.h; path = SceneDelegate.h; sourceTree = "<group>"; };
		F68F009225245B5900044A0B /* SceneDelegate.m */ = {isa = PBXFileReference; lastKnownFileType = sourcecode.c.objc; path = SceneDelegate.m; sourceTree = "<group>"; };
		F68F009425245B5900044A0B /* ViewController.h */ = {isa = PBXFileReference; lastKnownFileType = sourcecode.c.h; path = ViewController.h; sourceTree = "<group>"; };
		F68F009525245B5900044A0B /* ViewController.m */ = {isa = PBXFileReference; lastKnownFileType = sourcecode.c.objc; path = ViewController.m; sourceTree = "<group>"; };
		F68F009825245B5900044A0B /* Base */ = {isa = PBXFileReference; lastKnownFileType = file.storyboard; name = Base; path = Base.lproj/Main.storyboard; sourceTree = "<group>"; };
		F68F009A25245B5C00044A0B /* Assets.xcassets */ = {isa = PBXFileReference; lastKnownFileType = folder.assetcatalog; path = Assets.xcassets; sourceTree = "<group>"; };
		F68F009D25245B5C00044A0B /* Base */ = {isa = PBXFileReference; lastKnownFileType = file.storyboard; name = Base; path = Base.lproj/LaunchScreen.storyboard; sourceTree = "<group>"; };
		F68F009F25245B5C00044A0B /* Info.plist */ = {isa = PBXFileReference; lastKnownFileType = text.plist.xml; path = Info.plist; sourceTree = "<group>"; };
		F68F00A025245B5C00044A0B /* main.m */ = {isa = PBXFileReference; lastKnownFileType = sourcecode.c.objc; path = main.m; sourceTree = "<group>"; };
/* End PBXFileReference section */

/* Begin PBXFrameworksBuildPhase section */
		F68F008825245B5900044A0B /* Frameworks */ = {
			isa = PBXFrameworksBuildPhase;
			buildActionMask = 2147483647;
			files = (
			);
			runOnlyForDeploymentPostprocessing = 0;
		};
/* End PBXFrameworksBuildPhase section */

/* Begin PBXGroup section */
		F68F008225245B5800044A0B = {
			isa = PBXGroup;
			children = (
				F68F008D25245B5900044A0B /* SmartpilotKit */,
				F68F008C25245B5900044A0B /* Products */,
			);
			sourceTree = "<group>";
		};
		F68F008C25245B5900044A0B /* Products */ = {
			isa = PBXGroup;
			children = (
				F68F008B25245B5900044A0B /* SmartpilotKit.app */,
			);
			name = Products;
			sourceTree = "<group>";
		};
		F68F008D25245B5900044A0B /* SmartpilotKit */ = {
			isa = PBXGroup;
			children = (
				F68F008E25245B5900044A0B /* AppDelegate.h */,
				F68F008F25245B5900044A0B /* AppDelegate.m */,
				F68F009125245B5900044A0B /* SceneDelegate.h */,
				F68F009225245B5900044A0B /* SceneDelegate.m */,
				F68F009425245B5900044A0B /* ViewController.h */,
				F68F009525245B5900044A0B /* ViewController.m */,
				F68F009725245B5900044A0B /* Main.storyboard */,
				F68F009A25245B5C00044A0B /* Assets.xcassets */,
				F68F009C25245B5C00044A0B /* LaunchScreen.storyboard */,
				F68F009F25245B5C00044A0B /* Info.plist */,
				F68F00A025245B5C00044A0B /* main.m */,
			);
			path = SmartpilotKit;
			sourceTree = "<group>";
		};
/* End PBXGroup section */

/* Begin PBXNativeTarget section */
		F68F008A25245B5900044A0B /* SmartpilotKit */ = {
			isa = PBXNativeTarget;
			buildConfigurationList = F68F00A425245B5C00044A0B /* Build configuration list for PBXNativeTarget "SmartpilotKit" */;
			buildPhases = (
				F68F008725245B5900044A0B /* Sources */,
				F68F008825245B5900044A0B /* Frameworks */,
				F68F008925245B5900044A0B /* Resources */,
			);
			buildRules = (
			);
			dependencies = (
			);
			name = SmartpilotKit;
			productName = SmartpilotKit;
			productReference = F68F008B25245B5900044A0B /* SmartpilotKit.app */;
			productType = "com.apple.product-type.application";
		};
/* End PBXNativeTarget section */

/* Begin PBXProject section */
		F68F008325245B5800044A0B /* Project object */ = {
			isa = PBXProject;
			attributes = {
				LastUpgradeCheck = 1200;
				TargetAttributes = {
					F68F008A25245B5900044A0B = {
						CreatedOnToolsVersion = 12.0.1;
					};
				};
			};
			buildConfigurationList = F68F008625245B5900044A0B /* Build configuration list for PBXProject "SmartpilotKit" */;
			compatibilityVersion = "Xcode 9.3";
			developmentRegion = en;
			hasScannedForEncodings = 0;
			knownRegions = (
				en,
				Base,
			);
			mainGroup = F68F008225245B5800044A0B;
			productRefGroup = F68F008C25245B5900044A0B /* Products */;
			projectDirPath = "";
			projectRoot = "";
			targets = (
				F68F008A25245B5900044A0B /* SmartpilotKit */,
			);
		};
/* End PBXProject section */

/* Begin PBXResourcesBuildPhase section */
		F68F008925245B5900044A0B /* Resources */ = {
			isa = PBXResourcesBuildPhase;
			buildActionMask = 2147483647;
			files = (
				F68F009E25245B5C00044A0B /* LaunchScreen.storyboard in Resources */,
				F68F009B25245B5C00044A0B /* Assets.xcassets in Resources */,
				F68F009925245B5900044A0B /* Main.storyboard in Resources */,
			);
			runOnlyForDeploymentPostprocessing = 0;
		};
/* End PBXResourcesBuildPhase section */

/* Begin PBXSourcesBuildPhase section */
		F68F008725245B5900044A0B /* Sources */ = {
			isa = PBXSourcesBuildPhase;
			buildActionMask = 2147483647;
			files = (
				F68F009625245B5900044A0B /* ViewController.m in Sources */,
				F68F009025245B5900044A0B /* AppDelegate.m in Sources */,
				F68F00A125245B5C00044A0B /* main.m in Sources */,
				F68F009325245B5900044A0B /* SceneDelegate.m in Sources */,
			);
			runOnlyForDeploymentPostprocessing = 0;
		};
/* End PBXSourcesBuildPhase section */

/* Begin PBXVariantGroup section */
		F68F009725245B5900044A0B /* Main.storyboard */ = {
			isa = PBXVariantGroup;
			children = (
				F68F009825245B5900044A0B /* Base */,
			);
			name = Main.storyboard;
			sourceTree = "<group>";
		};
		F68F009C25245B5C00044A0B /* LaunchScreen.storyboard */ = {
			isa = PBXVariantGroup;
			children = (
				F68F009D25245B5C00044A0B /* Base */,
			);
			name = LaunchScreen.storyboard;
			sourceTree = "<group>";
		};
/* End PBXVariantGroup section */

/* Begin XCBuildConfiguration section */
		F68F00A225245B5C00044A0B /* Debug */ = {
			isa = XCBuildConfiguration;
			buildSettings = {
				ALWAYS_SEARCH_USER_PATHS = NO;
				CLANG_ANALYZER_NONNULL = YES;
				CLANG_ANALYZER_NUMBER_OBJECT_CONVERSION = YES_AGGRESSIVE;
				CLANG_CXX_LANGUAGE_STANDARD = "gnu++14";
				CLANG_CXX_LIBRARY = "libc++";
				CLANG_ENABLE_MODULES = YES;
				CLANG_ENABLE_OBJC_ARC = YES;
				CLANG_ENABLE_OBJC_WEAK = YES;
				CLANG_WARN_BLOCK_CAPTURE_AUTORELEASING = YES;
				CLANG_WARN_BOOL_CONVERSION = YES;
				CLANG_WARN_COMMA = YES;
				CLANG_WARN_CONSTANT_CONVERSION = YES;
				CLANG_WARN_DEPRECATED_OBJC_IMPLEMENTATIONS = YES;
				CLANG_WARN_DIRECT_OBJC_ISA_USAGE = YES_ERROR;
				CLANG_WARN_DOCUMENTATION_COMMENTS = YES;
				CLANG_WARN_EMPTY_BODY = YES;
				CLANG_WARN_ENUM_CONVERSION = YES;
				CLANG_WARN_INFINITE_RECURSION = YES;
				CLANG_WARN_INT_CONVERSION = YES;
				CLANG_WARN_NON_LITERAL_NULL_CONVERSION = YES;
				CLANG_WARN_OBJC_IMPLICIT_RETAIN_SELF = YES;
				CLANG_WARN_OBJC_LITERAL_CONVERSION = YES;
				CLANG_WARN_OBJC_ROOT_CLASS = YES_ERROR;
				CLANG_WARN_QUOTED_INCLUDE_IN_FRAMEWORK_HEADER = YES;
				CLANG_WARN_RANGE_LOOP_ANALYSIS = YES;
				CLANG_WARN_STRICT_PROTOTYPES = YES;
				CLANG_WARN_SUSPICIOUS_MOVE = YES;
				CLANG_WARN_UNGUARDED_AVAILABILITY = YES_AGGRESSIVE;
				CLANG_WARN_UNREACHABLE_CODE = YES;
				CLANG_WARN__DUPLICATE_METHOD_MATCH = YES;
				COPY_PHASE_STRIP = NO;
				DEBUG_INFORMATION_FORMAT = dwarf;
				ENABLE_STRICT_OBJC_MSGSEND = YES;
				ENABLE_TESTABILITY = YES;
				GCC_C_LANGUAGE_STANDARD = gnu11;
				GCC_DYNAMIC_NO_PIC = NO;
				GCC_NO_COMMON_BLOCKS = YES;
				GCC_OPTIMIZATION_LEVEL = 0;
				GCC_PREPROCESSOR_DEFINITIONS = (
					"DEBUG=1",
					"$(inherited)",
				);
				GCC_WARN_64_TO_32_BIT_CONVERSION = YES;
				GCC_WARN_ABOUT_RETURN_TYPE = YES_ERROR;
				GCC_WARN_UNDECLARED_SELECTOR = YES;
				GCC_WARN_UNINITIALIZED_AUTOS = YES_AGGRESSIVE;
				GCC_WARN_UNUSED_FUNCTION = YES;
				GCC_WARN_UNUSED_VARIABLE = YES;
				IPHONEOS_DEPLOYMENT_TARGET = 14.0;
				MTL_ENABLE_DEBUG_INFO = INCLUDE_SOURCE;
				MTL_FAST_MATH = YES;
				ONLY_ACTIVE_ARCH = YES;
				SDKROOT = iphoneos;
			};
			name = Debug;
		};
		F68F00A325245B5C00044A0B /* Release */ = {
			isa = XCBuildConfiguration;
			buildSettings = {
				ALWAYS_SEARCH_USER_PATHS = NO;
				CLANG_ANALYZER_NONNULL = YES;
				CLANG_ANALYZER_NUMBER_OBJECT_CONVERSION = YES_AGGRESSIVE;
				CLANG_CXX_LANGUAGE_STANDARD = "gnu++14";
				CLANG_CXX_LIBRARY = "libc++";
				CLANG_ENABLE_MODULES = YES;
				CLANG_ENABLE_OBJC_ARC = YES;
				CLANG_ENABLE_OBJC_WEAK = YES;
				CLANG_WARN_BLOCK_CAPTURE_AUTORELEASING = YES;
				CLANG_WARN_BOOL_CONVERSION = YES;
				CLANG_WARN_COMMA = YES;
				CLANG_WARN_CONSTANT_CONVERSION = YES;
				CLANG_WARN_DEPRECATED_OBJC_IMPLEMENTATIONS = YES;
				CLANG_WARN_DIRECT_OBJC_ISA_USAGE = YES_ERROR;
				CLANG_WARN_DOCUMENTATION_COMMENTS = YES;
				CLANG_WARN_EMPTY_BODY = YES;
				CLANG_WARN_ENUM_CONVERSION = YES;
				CLANG_WARN_INFINITE_RECURSION = YES;
				CLANG_WARN_INT_CONVERSION = YES;
				CLANG_WARN_NON_LITERAL_NULL_CONVERSION = YES;
				CLANG_WARN_OBJC_IMPLICIT_RETAIN_SELF = YES;
				CLANG_WARN_OBJC_LITERAL_CONVERSION = YES;
				CLANG_WARN_OBJC_ROOT_CLASS = YES_ERROR;
				CLANG_WARN_QUOTED_INCLUDE_IN_FRAMEWORK_HEADER = YES;
				CLANG_WARN_RANGE_LOOP_ANALYSIS = YES;
				CLANG_WARN_STRICT_PROTOTYPES = YES;
				CLANG_WARN_SUSPICIOUS_MOVE = YES;
				CLANG_WARN_UNGUARDED_AVAILABILITY = YES_AGGRESSIVE;
				CLANG_WARN_UNREACHABLE_CODE = YES;
				CLANG_WARN__DUPLICATE_METHOD_MATCH = YES;
				COPY_PHASE_STRIP = NO;
				DEBUG_INFORMATION_FORMAT = "dwarf-with-dsym";
				ENABLE_NS_ASSERTIONS = NO;
				ENABLE_STRICT_OBJC_MSGSEND = YES;
				GCC_C_LANGUAGE_STANDARD = gnu11;
				GCC_NO_COMMON_BLOCKS = YES;
				GCC_WARN_64_TO_32_BIT_CONVERSION = YES;
				GCC_WARN_ABOUT_RETURN_TYPE = YES_ERROR;
				GCC_WARN_UNDECLARED_SELECTOR = YES;
				GCC_WARN_UNINITIALIZED_AUTOS = YES_AGGRESSIVE;
				GCC_WARN_UNUSED_FUNCTION = YES;
				GCC_WARN_UNUSED_VARIABLE = YES;
				IPHONEOS_DEPLOYMENT_TARGET = 14.0;
				MTL_ENABLE_DEBUG_INFO = NO;
				MTL_FAST_MATH = YES;
				SDKROOT = iphoneos;
				VALIDATE_PRODUCT = YES;
			};
			name = Release;
		};
		F68F00A525245B5C00044A0B /* Debug */ = {
			isa = XCBuildConfiguration;
			buildSettings = {
				ASSETCATALOG_COMPILER_APPICON_NAME = AppIcon;
				ASSETCATALOG_COMPILER_GLOBAL_ACCENT_COLOR_NAME = AccentColor;
				CODE_SIGN_STYLE = Automatic;
				DEVELOPMENT_TEAM = XAW95W62X5;
				INFOPLIST_FILE = SmartpilotKit/Info.plist;
				LD_RUNPATH_SEARCH_PATHS = (
					"$(inherited)",
					"@executable_path/Frameworks",
				);
				PRODUCT_BUNDLE_IDENTIFIER = dlheyikeji.SmartpilotKit;
				PRODUCT_NAME = "$(TARGET_NAME)";
				TARGETED_DEVICE_FAMILY = "1,2";
			};
			name = Debug;
		};
		F68F00A625245B5C00044A0B /* Release */ = {
			isa = XCBuildConfiguration;
			buildSettings = {
				ASSETCATALOG_COMPILER_APPICON_NAME = AppIcon;
				ASSETCATALOG_COMPILER_GLOBAL_ACCENT_COLOR_NAME = AccentColor;
				CODE_SIGN_STYLE = Automatic;
				DEVELOPMENT_TEAM = XAW95W62X5;
				INFOPLIST_FILE = SmartpilotKit/Info.plist;
				LD_RUNPATH_SEARCH_PATHS = (
					"$(inherited)",
					"@executable_path/Frameworks",
				);
				PRODUCT_BUNDLE_IDENTIFIER = dlheyikeji.SmartpilotKit;
				PRODUCT_NAME = "$(TARGET_NAME)";
				TARGETED_DEVICE_FAMILY = "1,2";
			};
			name = Release;
		};
/* End XCBuildConfiguration section */

/* Begin XCConfigurationList section */
		F68F008625245B5900044A0B /* Build configuration list for PBXProject "SmartpilotKit" */ = {
			isa = XCConfigurationList;
			buildConfigurations = (
				F68F00A225245B5C00044A0B /* Debug */,
				F68F00A325245B5C00044A0B /* Release */,
			);
			defaultConfigurationIsVisible = 0;
			defaultConfigurationName = Release;
		};
		F68F00A425245B5C00044A0B /* Build configuration list for PBXNativeTarget "SmartpilotKit" */ = {
			isa = XCConfigurationList;
			buildConfigurations = (
				F68F00A525245B5C00044A0B /* Debug */,
				F68F00A625245B5C00044A0B /* Release */,
			);
			defaultConfigurationIsVisible = 0;
			defaultConfigurationName = Release;
		};
/* End XCConfigurationList section */
	};
	rootObject = F68F008325245B5800044A0B /* Project object */;
}
